{
  "name": "11plus-ai-tutor",
  "version": "1.0.0",
  "lockfileVersion": 3,
  "requires": true,
  "packages": {
    "": {
      "name": "11plus-ai-tutor",
      "version": "1.0.0",
      "dependencies": {
        "@sentry/cloudflare": "^9.0.0"
      }
    },
    "node_modules/@opentelemetry/api": {
      "version": "1.9.1",
      "resolved": "https://registry.npmjs.org/@opentelemetry/api/-/api-1.9.1.tgz",
      "integrity": "sha512-gLyJlPHPZYdAk1JENA9LeHejZe1Ti77/pTeFm/nMXmQH/HFZlcS/O2XJB+L8fkbrNSqhdtlvjBVjxwUYanNH5Q==",
      "license": "Apache-2.0",
      "engines": {
        "node": ">=8.0.0"
      }
    },
    "node_modules/@sentry/cloudflare": {
      "version": "9.47.1",
      "resolved": "https://registry.npmjs.org/@sentry/cloudflare/-/cloudflare-9.47.1.tgz",
      "integrity": "sha512-k22rStK6PCNKBGp8eDBz2vmT/ksKoDDqiF2dwK2KSzngc1B0DSl5S4THdRB+gdkEcJOH0zbCKR/s9EsazbQmJQ==",
      "license": "MIT",
      "dependencies": {
        "@opentelemetry/api": "^1.9.0",
        "@sentry/core": "9.47.1"
      },
      "engines": {
        "node": ">=18"
      },
      "peerDependencies": {
        "@cloudflare/workers-types": "^4.x"
      },
      "peerDependenciesMeta": {
        "@cloudflare/workers-types": {
          "optional": true
        }
      }
    },
    "node_modules/@sentry/core": {
      "version": "9.47.1",
      "resolved": "https://registry.npmjs.org/@sentry/core/-/core-9.47.1.tgz",
      "integrity": "sha512-KX62+qIt4xgy8eHKHiikfhz2p5fOciXd0Cl+dNzhgPFq8klq4MGMNaf148GB3M/vBqP4nw/eFvRMAayFCgdRQw==",
      "license": "MIT",
      "engines": {
        "node": ">=18"
      }
    }
  }
}
